
Microsoft Visual Studio Solution File, Format Version 12.00
# Visual Studio Version 16
VisualStudioVersion = 16.0.29503.13
MinimumVisualStudioVersion = 10.0.40219.1
Project("{FAE04EC0-301F-11D3-BF4B-00C04F79EFBC}") = "Reproductor", "Reproductor\Reproductor.csproj", "{51193D3C-B27C-48EF-B7C5-ADD64045D868}"
EndProject
Global
	GlobalSection(SolutionConfigurationPlatforms) = preSolution
		Debug|Any CPU = Debug|Any CPU
		Release|Any CPU = Release|Any CPU
	EndGlobalSection
	GlobalSection(ProjectConfigurationPlatforms) = postSolution
		{51193D3C-B27C-48EF-B7C5-ADD64045D868}.Debug|Any CPU.ActiveCfg = Debug|Any CPU
		{51193D3C-B27C-48EF-B7C5-ADD64045D868}.Debug|Any CPU.Build.0 = Debug|Any CPU
		{51193D3C-B27C-48EF-B7C5-ADD64045D868}.Release|Any CPU.ActiveCfg = Release|Any CPU
		{51193D3C-B27C-48EF-B7C5-ADD64045D868}.Release|Any CPU.Build.0 = Release|Any CPU
	EndGlobalSection
	GlobalSection(SolutionProperties) = preSolution
		HideSolutionNode = FALSE
	EndGlobalSection
	GlobalSection(ExtensibilityGlobals) = postSolution
		SolutionGuid = {C734E14C-5EB6-4201-88A3-C75F2DD345DA}
	EndGlobalSection
EndGlobal
